
Microsoft Visual Studio Solution File, Format Version 12.00
# Visual Studio 14
VisualStudioVersion = 14.0.25420.1
MinimumVisualStudioVersion = 10.0.40219.1
Project("{2150E333-8FDC-42A3-9474-1A3956D46DE8}") = "1.User Interface Layer（表现层）", "1.User Interface Layer（表现层）", "{65E80036-1E98-486A-82BE-663F3B31B95F}"
EndProject
Project("{2150E333-8FDC-42A3-9474-1A3956D46DE8}") = "2.Application Layer（应用层）", "2.Application Layer（应用层）", "{7DF5F2CC-49EE-4137-901A-DF8BF4E694B9}"
EndProject
Project("{2150E333-8FDC-42A3-9474-1A3956D46DE8}") = "3.Domain Layer（领域层）", "3.Domain Layer（领域层）", "{6905D972-9D64-4F62-813A-105DC102C0CD}"
EndProject
Project("{2150E333-8FDC-42A3-9474-1A3956D46DE8}") = "4.Infrastructure Layer（基础设施层）", "4.Infrastructure Layer（基础设施层）", "{ADC84449-0A54-49F7-AD39-90DDD403F05A}"
EndProject
Project("{FAE04EC0-301F-11D3-BF4B-00C04F79EFBC}") = "PriAndWf.Web", "PriAndWf.Web\PriAndWf.Web.csproj", "{1EEED2B6-B404-4CC9-8C56-76E000049F25}"
EndProject
Project("{FAE04EC0-301F-11D3-BF4B-00C04F79EFBC}") = "PriAndWf.Application", "PriAndWf.Application\PriAndWf.Application.csproj", "{857F75EE-D2CD-4A36-904A-C4A6BA86AC7C}"
EndProject
Project("{FAE04EC0-301F-11D3-BF4B-00C04F79EFBC}") = "PriAndWf.Domain", "PriAndWf.Domain\PriAndWf.Domain.csproj", "{7BFA9178-7326-44EB-8E8D-B7E4591954D3}"
EndProject
Project("{FAE04EC0-301F-11D3-BF4B-00C04F79EFBC}") = "PriAndWf.Infrastructure", "PriAndWf.Infrastructure\PriAndWf.Infrastructure.csproj", "{982335A1-F8CF-4D11-9E1F-78AA48B10D64}"
EndProject
Project("{FAE04EC0-301F-11D3-BF4B-00C04F79EFBC}") = "PriAndWf.Domain.EventHandler", "PriAndWf.Domain.EventHandler\PriAndWf.Domain.EventHandler.csproj", "{A263BC2B-ADD6-4773-A9B7-3857838C299E}"
EndProject
Project("{FAE04EC0-301F-11D3-BF4B-00C04F79EFBC}") = "PriAndWf.WebApi", "PriAndWf.WebApi\PriAndWf.WebApi.csproj", "{82A0B0AE-1C5F-46B8-B045-470EBEB95D50}"
EndProject
Project("{FAE04EC0-301F-11D3-BF4B-00C04F79EFBC}") = "PriAndWf.ConApp", "PriAndWf.ConApp\PriAndWf.ConApp.csproj", "{02F5ABAD-68A4-4506-9B6B-2E945866E2F5}"
EndProject
Project("{FAE04EC0-301F-11D3-BF4B-00C04F79EFBC}") = "PriAndWf.JustWebApi", "PriAndWf.JustWebApi\PriAndWf.JustWebApi.csproj", "{C033CF19-6508-4539-A6E7-634C63200A14}"
EndProject
Global
	GlobalSection(SolutionConfigurationPlatforms) = preSolution
		Debug|Any CPU = Debug|Any CPU
		Release|Any CPU = Release|Any CPU
	EndGlobalSection
	GlobalSection(ProjectConfigurationPlatforms) = postSolution
		{1EEED2B6-B404-4CC9-8C56-76E000049F25}.Debug|Any CPU.ActiveCfg = Debug|Any CPU
		{1EEED2B6-B404-4CC9-8C56-76E000049F25}.Debug|Any CPU.Build.0 = Debug|Any CPU
		{1EEED2B6-B404-4CC9-8C56-76E000049F25}.Release|Any CPU.ActiveCfg = Release|Any CPU
		{1EEED2B6-B404-4CC9-8C56-76E000049F25}.Release|Any CPU.Build.0 = Release|Any CPU
		{857F75EE-D2CD-4A36-904A-C4A6BA86AC7C}.Debug|Any CPU.ActiveCfg = Debug|Any CPU
		{857F75EE-D2CD-4A36-904A-C4A6BA86AC7C}.Debug|Any CPU.Build.0 = Debug|Any CPU
		{857F75EE-D2CD-4A36-904A-C4A6BA86AC7C}.Release|Any CPU.ActiveCfg = Release|Any CPU
		{857F75EE-D2CD-4A36-904A-C4A6BA86AC7C}.Release|Any CPU.Build.0 = Release|Any CPU
		{7BFA9178-7326-44EB-8E8D-B7E4591954D3}.Debug|Any CPU.ActiveCfg = Debug|Any CPU
		{7BFA9178-7326-44EB-8E8D-B7E4591954D3}.Debug|Any CPU.Build.0 = Debug|Any CPU
		{7BFA9178-7326-44EB-8E8D-B7E4591954D3}.Release|Any CPU.ActiveCfg = Release|Any CPU
		{7BFA9178-7326-44EB-8E8D-B7E4591954D3}.Release|Any CPU.Build.0 = Release|Any CPU
		{982335A1-F8CF-4D11-9E1F-78AA48B10D64}.Debug|Any CPU.ActiveCfg = Debug|Any CPU
		{982335A1-F8CF-4D11-9E1F-78AA48B10D64}.Debug|Any CPU.Build.0 = Debug|Any CPU
		{982335A1-F8CF-4D11-9E1F-78AA48B10D64}.Release|Any CPU.ActiveCfg = Release|Any CPU
		{982335A1-F8CF-4D11-9E1F-78AA48B10D64}.Release|Any CPU.Build.0 = Release|Any CPU
		{A263BC2B-ADD6-4773-A9B7-3857838C299E}.Debug|Any CPU.ActiveCfg = Debug|Any CPU
		{A263BC2B-ADD6-4773-A9B7-3857838C299E}.Debug|Any CPU.Build.0 = Debug|Any CPU
		{A263BC2B-ADD6-4773-A9B7-3857838C299E}.Release|Any CPU.ActiveCfg = Release|Any CPU
		{A263BC2B-ADD6-4773-A9B7-3857838C299E}.Release|Any CPU.Build.0 = Release|Any CPU
		{82A0B0AE-1C5F-46B8-B045-470EBEB95D50}.Debug|Any CPU.ActiveCfg = Debug|Any CPU
		{82A0B0AE-1C5F-46B8-B045-470EBEB95D50}.Debug|Any CPU.Build.0 = Debug|Any CPU
		{82A0B0AE-1C5F-46B8-B045-470EBEB95D50}.Release|Any CPU.ActiveCfg = Release|Any CPU
		{82A0B0AE-1C5F-46B8-B045-470EBEB95D50}.Release|Any CPU.Build.0 = Release|Any CPU
		{02F5ABAD-68A4-4506-9B6B-2E945866E2F5}.Debug|Any CPU.ActiveCfg = Debug|Any CPU
		{02F5ABAD-68A4-4506-9B6B-2E945866E2F5}.Debug|Any CPU.Build.0 = Debug|Any CPU
		{02F5ABAD-68A4-4506-9B6B-2E945866E2F5}.Release|Any CPU.ActiveCfg = Release|Any CPU
		{02F5ABAD-68A4-4506-9B6B-2E945866E2F5}.Release|Any CPU.Build.0 = Release|Any CPU
		{C033CF19-6508-4539-A6E7-634C63200A14}.Debug|Any CPU.ActiveCfg = Debug|Any CPU
		{C033CF19-6508-4539-A6E7-634C63200A14}.Debug|Any CPU.Build.0 = Debug|Any CPU
		{C033CF19-6508-4539-A6E7-634C63200A14}.Release|Any CPU.ActiveCfg = Release|Any CPU
		{C033CF19-6508-4539-A6E7-634C63200A14}.Release|Any CPU.Build.0 = Release|Any CPU
	EndGlobalSection
	GlobalSection(SolutionProperties) = preSolution
		HideSolutionNode = FALSE
	EndGlobalSection
	GlobalSection(NestedProjects) = preSolution
		{1EEED2B6-B404-4CC9-8C56-76E000049F25} = {65E80036-1E98-486A-82BE-663F3B31B95F}
		{857F75EE-D2CD-4A36-904A-C4A6BA86AC7C} = {7DF5F2CC-49EE-4137-901A-DF8BF4E694B9}
		{7BFA9178-7326-44EB-8E8D-B7E4591954D3} = {6905D972-9D64-4F62-813A-105DC102C0CD}
		{982335A1-F8CF-4D11-9E1F-78AA48B10D64} = {ADC84449-0A54-49F7-AD39-90DDD403F05A}
		{A263BC2B-ADD6-4773-A9B7-3857838C299E} = {6905D972-9D64-4F62-813A-105DC102C0CD}
		{82A0B0AE-1C5F-46B8-B045-470EBEB95D50} = {65E80036-1E98-486A-82BE-663F3B31B95F}
		{02F5ABAD-68A4-4506-9B6B-2E945866E2F5} = {65E80036-1E98-486A-82BE-663F3B31B95F}
		{C033CF19-6508-4539-A6E7-634C63200A14} = {65E80036-1E98-486A-82BE-663F3B31B95F}
	EndGlobalSection
EndGlobal
