
Microsoft Visual Studio Solution File, Format Version 12.00
# Visual Studio 14
VisualStudioVersion = 14.0.25420.1
MinimumVisualStudioVersion = 10.0.40219.1
Project("{2150E333-8FDC-42A3-9474-1A3956D46DE8}") = "1.User Interface Layer（表现层）", "1.User Interface Layer（表现层）", "{65E80036-1E98-486A-82BE-663F3B31B95F}"
EndProject
Project("{2150E333-8FDC-42A3-9474-1A3956D46DE8}") = "2.Application Layer（应用层）", "2.Application Layer（应用层）", "{7DF5F2CC-49EE-4137-901A-DF8BF4E694B9}"
EndProject
Project("{2150E333-8FDC-42A3-9474-1A3956D46DE8}") = "3.Domain Layer（领域层）", "3.Domain Layer（领域层）", "{6905D972-9D64-4F62-813A-105DC102C0CD}"
EndProject
Project("{2150E333-8FDC-42A3-9474-1A3956D46DE8}") = "4.Infrastructure Layer（基础设施层）", "4.Infrastructure Layer（基础设施层）", "{ADC84449-0A54-49F7-AD39-90DDD403F05A}"
EndProject
Project("{FAE04EC0-301F-11D3-BF4B-00C04F79EFBC}") = "PriAndWf.Infrastructure", "4.InfrastructureLayer\PriAndWf.Infrastructure\PriAndWf.Infrastructure.csproj", "{C1CAF585-BCD5-4B7E-99C0-FF2F2B8A732F}"
EndProject
Project("{FAE04EC0-301F-11D3-BF4B-00C04F79EFBC}") = "PriAndWf.AdminWeb", "1.UserInterfaceLayer\PriAndWf.AdminWeb\PriAndWf.AdminWeb.csproj", "{149FD557-95B7-4184-A671-5D9523EA7FF6}"
EndProject
Project("{FAE04EC0-301F-11D3-BF4B-00C04F79EFBC}") = "PriAndWf.Application", "2.ApplicationLayer\PriAndWf.Application\PriAndWf.Application.csproj", "{857F75EE-D2CD-4A36-904A-C4A6BA86AC7C}"
EndProject
Project("{FAE04EC0-301F-11D3-BF4B-00C04F79EFBC}") = "PriAndWf.Domain", "3.DomianLayer\PriAndWf.Domain\PriAndWf.Domain.csproj", "{7BFA9178-7326-44EB-8E8D-B7E4591954D3}"
EndProject
Project("{FAE04EC0-301F-11D3-BF4B-00C04F79EFBC}") = "PriAndWf.Domain.EventHandler", "3.DomianLayer\PriAndWf.Domain.EventHandler\PriAndWf.Domain.EventHandler.csproj", "{A263BC2B-ADD6-4773-A9B7-3857838C299E}"
EndProject
Project("{FAE04EC0-301F-11D3-BF4B-00C04F79EFBC}") = "PriAndWf.TestConApp", "1.UserInterfaceLayer\PriAndWf.TestConApp\PriAndWf.TestConApp.csproj", "{C44D9DDE-1789-47D2-95FC-C0557B98CB16}"
EndProject
Project("{FAE04EC0-301F-11D3-BF4B-00C04F79EFBC}") = "PriAndWf.TestWebApi", "1.UserInterfaceLayer\PriAndWf.TestWebApi\PriAndWf.TestWebApi.csproj", "{88D9017B-CB17-4081-A873-EC27833B7E71}"
EndProject
Project("{FAE04EC0-301F-11D3-BF4B-00C04F79EFBC}") = "PriAndWf.Domain.Model", "3.DomianLayer\PriAndWf.Domain.Model\PriAndWf.Domain.Model.csproj", "{ABB3BA6B-D738-446A-8CAF-C962667BFD07}"
EndProject
Global
	GlobalSection(SolutionConfigurationPlatforms) = preSolution
		Debug|Any CPU = Debug|Any CPU
		Release|Any CPU = Release|Any CPU
	EndGlobalSection
	GlobalSection(ProjectConfigurationPlatforms) = postSolution
		{C1CAF585-BCD5-4B7E-99C0-FF2F2B8A732F}.Debug|Any CPU.ActiveCfg = Debug|Any CPU
		{C1CAF585-BCD5-4B7E-99C0-FF2F2B8A732F}.Debug|Any CPU.Build.0 = Debug|Any CPU
		{C1CAF585-BCD5-4B7E-99C0-FF2F2B8A732F}.Release|Any CPU.ActiveCfg = Release|Any CPU
		{C1CAF585-BCD5-4B7E-99C0-FF2F2B8A732F}.Release|Any CPU.Build.0 = Release|Any CPU
		{149FD557-95B7-4184-A671-5D9523EA7FF6}.Debug|Any CPU.ActiveCfg = Debug|Any CPU
		{149FD557-95B7-4184-A671-5D9523EA7FF6}.Debug|Any CPU.Build.0 = Debug|Any CPU
		{149FD557-95B7-4184-A671-5D9523EA7FF6}.Release|Any CPU.ActiveCfg = Release|Any CPU
		{149FD557-95B7-4184-A671-5D9523EA7FF6}.Release|Any CPU.Build.0 = Release|Any CPU
		{857F75EE-D2CD-4A36-904A-C4A6BA86AC7C}.Debug|Any CPU.ActiveCfg = Debug|Any CPU
		{857F75EE-D2CD-4A36-904A-C4A6BA86AC7C}.Debug|Any CPU.Build.0 = Debug|Any CPU
		{857F75EE-D2CD-4A36-904A-C4A6BA86AC7C}.Release|Any CPU.ActiveCfg = Release|Any CPU
		{857F75EE-D2CD-4A36-904A-C4A6BA86AC7C}.Release|Any CPU.Build.0 = Release|Any CPU
		{7BFA9178-7326-44EB-8E8D-B7E4591954D3}.Debug|Any CPU.ActiveCfg = Debug|Any CPU
		{7BFA9178-7326-44EB-8E8D-B7E4591954D3}.Debug|Any CPU.Build.0 = Debug|Any CPU
		{7BFA9178-7326-44EB-8E8D-B7E4591954D3}.Release|Any CPU.ActiveCfg = Release|Any CPU
		{7BFA9178-7326-44EB-8E8D-B7E4591954D3}.Release|Any CPU.Build.0 = Release|Any CPU
		{A263BC2B-ADD6-4773-A9B7-3857838C299E}.Debug|Any CPU.ActiveCfg = Debug|Any CPU
		{A263BC2B-ADD6-4773-A9B7-3857838C299E}.Debug|Any CPU.Build.0 = Debug|Any CPU
		{A263BC2B-ADD6-4773-A9B7-3857838C299E}.Release|Any CPU.ActiveCfg = Release|Any CPU
		{A263BC2B-ADD6-4773-A9B7-3857838C299E}.Release|Any CPU.Build.0 = Release|Any CPU
		{C44D9DDE-1789-47D2-95FC-C0557B98CB16}.Debug|Any CPU.ActiveCfg = Debug|Any CPU
		{C44D9DDE-1789-47D2-95FC-C0557B98CB16}.Debug|Any CPU.Build.0 = Debug|Any CPU
		{C44D9DDE-1789-47D2-95FC-C0557B98CB16}.Release|Any CPU.ActiveCfg = Release|Any CPU
		{C44D9DDE-1789-47D2-95FC-C0557B98CB16}.Release|Any CPU.Build.0 = Release|Any CPU
		{88D9017B-CB17-4081-A873-EC27833B7E71}.Debug|Any CPU.ActiveCfg = Debug|Any CPU
		{88D9017B-CB17-4081-A873-EC27833B7E71}.Debug|Any CPU.Build.0 = Debug|Any CPU
		{88D9017B-CB17-4081-A873-EC27833B7E71}.Release|Any CPU.ActiveCfg = Release|Any CPU
		{88D9017B-CB17-4081-A873-EC27833B7E71}.Release|Any CPU.Build.0 = Release|Any CPU
		{ABB3BA6B-D738-446A-8CAF-C962667BFD07}.Debug|Any CPU.ActiveCfg = Debug|Any CPU
		{ABB3BA6B-D738-446A-8CAF-C962667BFD07}.Debug|Any CPU.Build.0 = Debug|Any CPU
		{ABB3BA6B-D738-446A-8CAF-C962667BFD07}.Release|Any CPU.ActiveCfg = Release|Any CPU
		{ABB3BA6B-D738-446A-8CAF-C962667BFD07}.Release|Any CPU.Build.0 = Release|Any CPU
	EndGlobalSection
	GlobalSection(SolutionProperties) = preSolution
		HideSolutionNode = FALSE
	EndGlobalSection
	GlobalSection(NestedProjects) = preSolution
		{C1CAF585-BCD5-4B7E-99C0-FF2F2B8A732F} = {ADC84449-0A54-49F7-AD39-90DDD403F05A}
		{149FD557-95B7-4184-A671-5D9523EA7FF6} = {65E80036-1E98-486A-82BE-663F3B31B95F}
		{857F75EE-D2CD-4A36-904A-C4A6BA86AC7C} = {7DF5F2CC-49EE-4137-901A-DF8BF4E694B9}
		{7BFA9178-7326-44EB-8E8D-B7E4591954D3} = {6905D972-9D64-4F62-813A-105DC102C0CD}
		{A263BC2B-ADD6-4773-A9B7-3857838C299E} = {6905D972-9D64-4F62-813A-105DC102C0CD}
		{C44D9DDE-1789-47D2-95FC-C0557B98CB16} = {65E80036-1E98-486A-82BE-663F3B31B95F}
		{88D9017B-CB17-4081-A873-EC27833B7E71} = {65E80036-1E98-486A-82BE-663F3B31B95F}
		{ABB3BA6B-D738-446A-8CAF-C962667BFD07} = {6905D972-9D64-4F62-813A-105DC102C0CD}
	EndGlobalSection
EndGlobal
